
Microsoft Visual Studio Solution File, Format Version 12.00
# Visual Studio Version 17
VisualStudioVersion = 17.9.34714.143
MinimumVisualStudioVersion = 10.0.40219.1
Project("{FAE04EC0-301F-11D3-BF4B-00C04F79EFBC}") = "ChargeAccountValidation", "ChargeAccountValidation.csproj", "{215ED41B-D558-43A2-AD37-B3B0BBE804C6}"
EndProject
Global
	GlobalSection(SolutionConfigurationPlatforms) = preSolution
		Debug|Any CPU = Debug|Any CPU
		Release|Any CPU = Release|Any CPU
	EndGlobalSection
	GlobalSection(ProjectConfigurationPlatforms) = postSolution
		{215ED41B-D558-43A2-AD37-B3B0BBE804C6}.Debug|Any CPU.ActiveCfg = Debug|Any CPU
		{215ED41B-D558-43A2-AD37-B3B0BBE804C6}.Debug|Any CPU.Build.0 = Debug|Any CPU
		{215ED41B-D558-43A2-AD37-B3B0BBE804C6}.Release|Any CPU.ActiveCfg = Release|Any CPU
		{215ED41B-D558-43A2-AD37-B3B0BBE804C6}.Release|Any CPU.Build.0 = Release|Any CPU
	EndGlobalSection
	GlobalSection(SolutionProperties) = preSolution
		HideSolutionNode = FALSE
	EndGlobalSection
	GlobalSection(ExtensibilityGlobals) = postSolution
		SolutionGuid = {4450A091-F52F-49BE-9D1B-E97BF16110E4}
	EndGlobalSection
EndGlobal
